
Microsoft Visual Studio Solution File, Format Version 12.00
# Visual Studio Version 17
VisualStudioVersion = 17.5.33516.290
MinimumVisualStudioVersion = 10.0.40219.1
Project("{9A19103F-16F7-4668-BE54-9A1E7A4F7556}") = "CVBlazor", "CVBlazor\CVBlazor.csproj", "{3A58E423-87E5-4DE9-AED5-03F20A460BCD}"
EndProject
Global
	GlobalSection(SolutionConfigurationPlatforms) = preSolution
		Debug|Any CPU = Debug|Any CPU
		Release|Any CPU = Release|Any CPU
	EndGlobalSection
	GlobalSection(ProjectConfigurationPlatforms) = postSolution
		{3A58E423-87E5-4DE9-AED5-03F20A460BCD}.Debug|Any CPU.ActiveCfg = Debug|Any CPU
		{3A58E423-87E5-4DE9-AED5-03F20A460BCD}.Debug|Any CPU.Build.0 = Debug|Any CPU
		{3A58E423-87E5-4DE9-AED5-03F20A460BCD}.Release|Any CPU.ActiveCfg = Release|Any CPU
		{3A58E423-87E5-4DE9-AED5-03F20A460BCD}.Release|Any CPU.Build.0 = Release|Any CPU
	EndGlobalSection
	GlobalSection(SolutionProperties) = preSolution
		HideSolutionNode = FALSE
	EndGlobalSection
	GlobalSection(ExtensibilityGlobals) = postSolution
		SolutionGuid = {3E61D108-A4CB-46AF-A466-BF98CD4C410D}
	EndGlobalSection
EndGlobal
